
Microsoft Visual Studio Solution File, Format Version 12.00
# Visual Studio Version 17
VisualStudioVersion = 17.14.36616.10 d17.14
MinimumVisualStudioVersion = 10.0.40219.1
Project("{FAE04EC0-301F-11D3-BF4B-00C04F79EFBC}") = "Cinescope", "Cinescope\Cinescope.csproj", "{3C905096-9503-4B43-9085-609167FA92CD}"
EndProject
Global
	GlobalSection(SolutionConfigurationPlatforms) = preSolution
		Debug|Any CPU = Debug|Any CPU
		Release|Any CPU = Release|Any CPU
	EndGlobalSection
	GlobalSection(ProjectConfigurationPlatforms) = postSolution
		{3C905096-9503-4B43-9085-609167FA92CD}.Debug|Any CPU.ActiveCfg = Debug|Any CPU
		{3C905096-9503-4B43-9085-609167FA92CD}.Debug|Any CPU.Build.0 = Debug|Any CPU
		{3C905096-9503-4B43-9085-609167FA92CD}.Release|Any CPU.ActiveCfg = Release|Any CPU
		{3C905096-9503-4B43-9085-609167FA92CD}.Release|Any CPU.Build.0 = Release|Any CPU
	EndGlobalSection
	GlobalSection(SolutionProperties) = preSolution
		HideSolutionNode = FALSE
	EndGlobalSection
	GlobalSection(ExtensibilityGlobals) = postSolution
		SolutionGuid = {5C25E181-EB18-4818-82E4-71DCB5A88127}
	EndGlobalSection
EndGlobal
